
Microsoft Visual Studio Solution File, Format Version 12.00
# Visual Studio Version 17
VisualStudioVersion = 17.7.34018.315
MinimumVisualStudioVersion = 10.0.40219.1
Project("{9A19103F-16F7-4668-BE54-9A1E7A4F7556}") = "NoiseMachineAvalonia", "NoiseMachineAvalonia.csproj", "{D4EFF71E-E575-4996-901F-0F3B70EB5E20}"
EndProject
Project("{9A19103F-16F7-4668-BE54-9A1E7A4F7556}") = "NoiseMachineAvalonia.Android", "..\NoiseMachineAvalonia.Android\NoiseMachineAvalonia.Android.csproj", "{FA63FFD5-2809-4A49-ACA4-BCD47909EE19}"
EndProject
Project("{9A19103F-16F7-4668-BE54-9A1E7A4F7556}") = "NoiseMachineAvalonia.Desktop", "..\NoiseMachineAvalonia.Desktop\NoiseMachineAvalonia.Desktop.csproj", "{E9124DC6-AB7A-4965-911C-517FA84C952D}"
EndProject
Project("{9A19103F-16F7-4668-BE54-9A1E7A4F7556}") = "NoiseMachineAvalonia.iOS", "..\NoiseMachineAvalonia.iOS\NoiseMachineAvalonia.iOS.csproj", "{DD1FB1A5-85DD-4365-BB94-C17738B1A896}"
EndProject
Global
	GlobalSection(SolutionConfigurationPlatforms) = preSolution
		Debug|Any CPU = Debug|Any CPU
		Release|Any CPU = Release|Any CPU
	EndGlobalSection
	GlobalSection(ProjectConfigurationPlatforms) = postSolution
		{D4EFF71E-E575-4996-901F-0F3B70EB5E20}.Debug|Any CPU.ActiveCfg = Debug|Any CPU
		{D4EFF71E-E575-4996-901F-0F3B70EB5E20}.Debug|Any CPU.Build.0 = Debug|Any CPU
		{D4EFF71E-E575-4996-901F-0F3B70EB5E20}.Release|Any CPU.ActiveCfg = Release|Any CPU
		{FA63FFD5-2809-4A49-ACA4-BCD47909EE19}.Debug|Any CPU.ActiveCfg = Debug|Any CPU
		{FA63FFD5-2809-4A49-ACA4-BCD47909EE19}.Debug|Any CPU.Build.0 = Debug|Any CPU
		{FA63FFD5-2809-4A49-ACA4-BCD47909EE19}.Debug|Any CPU.Deploy.0 = Debug|Any CPU
		{FA63FFD5-2809-4A49-ACA4-BCD47909EE19}.Release|Any CPU.ActiveCfg = Release|Any CPU
		{FA63FFD5-2809-4A49-ACA4-BCD47909EE19}.Release|Any CPU.Deploy.0 = Release|Any CPU
		{E9124DC6-AB7A-4965-911C-517FA84C952D}.Debug|Any CPU.ActiveCfg = Debug|Any CPU
		{E9124DC6-AB7A-4965-911C-517FA84C952D}.Debug|Any CPU.Build.0 = Debug|Any CPU
		{E9124DC6-AB7A-4965-911C-517FA84C952D}.Release|Any CPU.ActiveCfg = Release|Any CPU
		{DD1FB1A5-85DD-4365-BB94-C17738B1A896}.Debug|Any CPU.ActiveCfg = Debug|Any CPU
		{DD1FB1A5-85DD-4365-BB94-C17738B1A896}.Debug|Any CPU.Build.0 = Debug|Any CPU
		{DD1FB1A5-85DD-4365-BB94-C17738B1A896}.Debug|Any CPU.Deploy.0 = Debug|Any CPU
		{DD1FB1A5-85DD-4365-BB94-C17738B1A896}.Release|Any CPU.ActiveCfg = Release|Any CPU
		{DD1FB1A5-85DD-4365-BB94-C17738B1A896}.Release|Any CPU.Deploy.0 = Release|Any CPU
	EndGlobalSection
	GlobalSection(SolutionProperties) = preSolution
		HideSolutionNode = FALSE
	EndGlobalSection
	GlobalSection(ExtensibilityGlobals) = postSolution
		SolutionGuid = {0ADA7245-37C2-4966-8DBE-FD8296C30E26}
	EndGlobalSection
EndGlobal
